// !$*UTF8*$!
{
	archiveVersion = 1;
	classes = {
	};
	objectVersion = 50;
	objects = {

/* Begin PBXBuildFile section */
		B20C490A27D96C5D00749576 /* Pay360TestApp.swift in Sources */ = {isa = PBXBuildFile; fileRef = B20C490927D96C5D00749576 /* Pay360TestApp.swift */; };
		B20C490C27D96C5D00749576 /* ContentView.swift in Sources */ = {isa = PBXBuildFile; fileRef = B20C490B27D96C5D00749576 /* ContentView.swift */; };
		B20C490E27D96C6000749576 /* Assets.xcassets in Resources */ = {isa = PBXBuildFile; fileRef = B20C490D27D96C6000749576 /* Assets.xcassets */; };
		B20C491127D96C6000749576 /* Preview Assets.xcassets in Resources */ = {isa = PBXBuildFile; fileRef = B20C491027D96C6000749576 /* Preview Assets.xcassets */; };
		B20C491C27D96C6100749576 /* Pay360TestTests.swift in Sources */ = {isa = PBXBuildFile; fileRef = B20C491B27D96C6100749576 /* Pay360TestTests.swift */; };
		B20C492727D96C6100749576 /* Pay360TestUITests.swift in Sources */ = {isa = PBXBuildFile; fileRef = B20C492627D96C6100749576 /* Pay360TestUITests.swift */; };
		B20C493D27D96E2500749576 /* Pay360.framework in Frameworks */ = {isa = PBXBuildFile; fileRef = B20C493827D96E1900749576 /* Pay360.framework */; };
		B20C493E27D96E2500749576 /* Pay360.framework in Embed Frameworks */ = {isa = PBXBuildFile; fileRef = B20C493827D96E1900749576 /* Pay360.framework */; settings = {ATTRIBUTES = (CodeSignOnCopy, RemoveHeadersOnCopy, ); }; };
/* End PBXBuildFile section */

/* Begin PBXContainerItemProxy section */
		B20C491827D96C6100749576 /* PBXContainerItemProxy */ = {
			isa = PBXContainerItemProxy;
			containerPortal = B20C48FE27D96C5D00749576 /* Project object */;
			proxyType = 1;
			remoteGlobalIDString = B20C490527D96C5D00749576;
			remoteInfo = Pay360Test;
		};
		B20C492327D96C6100749576 /* PBXContainerItemProxy */ = {
			isa = PBXContainerItemProxy;
			containerPortal = B20C48FE27D96C5D00749576 /* Project object */;
			proxyType = 1;
			remoteGlobalIDString = B20C490527D96C5D00749576;
			remoteInfo = Pay360Test;
		};
/* End PBXContainerItemProxy section */

/* Begin PBXCopyFilesBuildPhase section */
		B20C493F27D96E2500749576 /* Embed Frameworks */ = {
			isa = PBXCopyFilesBuildPhase;
			buildActionMask = 2147483647;
			dstPath = "";
			dstSubfolderSpec = 10;
			files = (
				B20C493E27D96E2500749576 /* Pay360.framework in Embed Frameworks */,
			);
			name = "Embed Frameworks";
			runOnlyForDeploymentPostprocessing = 0;
		};
/* End PBXCopyFilesBuildPhase section */

/* Begin PBXFileReference section */
		B20C490627D96C5D00749576 /* Pay360Test.app */ = {isa = PBXFileReference; explicitFileType = wrapper.application; includeInIndex = 0; path = Pay360Test.app; sourceTree = BUILT_PRODUCTS_DIR; };
		B20C490927D96C5D00749576 /* Pay360TestApp.swift */ = {isa = PBXFileReference; lastKnownFileType = sourcecode.swift; path = Pay360TestApp.swift; sourceTree = "<group>"; };
		B20C490B27D96C5D00749576 /* ContentView.swift */ = {isa = PBXFileReference; lastKnownFileType = sourcecode.swift; path = ContentView.swift; sourceTree = "<group>"; };
		B20C490D27D96C6000749576 /* Assets.xcassets */ = {isa = PBXFileReference; lastKnownFileType = folder.assetcatalog; path = Assets.xcassets; sourceTree = "<group>"; };
		B20C491027D96C6000749576 /* Preview Assets.xcassets */ = {isa = PBXFileReference; lastKnownFileType = folder.assetcatalog; path = "Preview Assets.xcassets"; sourceTree = "<group>"; };
		B20C491227D96C6000749576 /* Info.plist */ = {isa = PBXFileReference; lastKnownFileType = text.plist.xml; path = Info.plist; sourceTree = "<group>"; };
		B20C491727D96C6100749576 /* Pay360TestTests.xctest */ = {isa = PBXFileReference; explicitFileType = wrapper.cfbundle; includeInIndex = 0; path = Pay360TestTests.xctest; sourceTree = BUILT_PRODUCTS_DIR; };
		B20C491B27D96C6100749576 /* Pay360TestTests.swift */ = {isa = PBXFileReference; lastKnownFileType = sourcecode.swift; path = Pay360TestTests.swift; sourceTree = "<group>"; };
		B20C491D27D96C6100749576 /* Info.plist */ = {isa = PBXFileReference; lastKnownFileType = text.plist.xml; path = Info.plist; sourceTree = "<group>"; };
		B20C492227D96C6100749576 /* Pay360TestUITests.xctest */ = {isa = PBXFileReference; explicitFileType = wrapper.cfbundle; includeInIndex = 0; path = Pay360TestUITests.xctest; sourceTree = BUILT_PRODUCTS_DIR; };
		B20C492627D96C6100749576 /* Pay360TestUITests.swift */ = {isa = PBXFileReference; lastKnownFileType = sourcecode.swift; path = Pay360TestUITests.swift; sourceTree = "<group>"; };
		B20C492827D96C6100749576 /* Info.plist */ = {isa = PBXFileReference; lastKnownFileType = text.plist.xml; path = Info.plist; sourceTree = "<group>"; };
		B20C493827D96E1900749576 /* Pay360.framework */ = {isa = PBXFileReference; lastKnownFileType = wrapper.framework; name = Pay360.framework; path = Pay360Test/Pay360.framework; sourceTree = SOURCE_ROOT; };
/* End PBXFileReference section */

/* Begin PBXFrameworksBuildPhase section */
		B20C490327D96C5D00749576 /* Frameworks */ = {
			isa = PBXFrameworksBuildPhase;
			buildActionMask = 2147483647;
			files = (
				B20C493D27D96E2500749576 /* Pay360.framework in Frameworks */,
			);
			runOnlyForDeploymentPostprocessing = 0;
		};
		B20C491427D96C6100749576 /* Frameworks */ = {
			isa = PBXFrameworksBuildPhase;
			buildActionMask = 2147483647;
			files = (
			);
			runOnlyForDeploymentPostprocessing = 0;
		};
		B20C491F27D96C6100749576 /* Frameworks */ = {
			isa = PBXFrameworksBuildPhase;
			buildActionMask = 2147483647;
			files = (
			);
			runOnlyForDeploymentPostprocessing = 0;
		};
/* End PBXFrameworksBuildPhase section */

/* Begin PBXGroup section */
		B20C48FD27D96C5D00749576 = {
			isa = PBXGroup;
			children = (
				B20C493727D96E0900749576 /* Frameworks */,
				B20C490827D96C5D00749576 /* Pay360Test */,
				B20C491A27D96C6100749576 /* Pay360TestTests */,
				B20C492527D96C6100749576 /* Pay360TestUITests */,
				B20C490727D96C5D00749576 /* Products */,
			);
			sourceTree = "<group>";
		};
		B20C490727D96C5D00749576 /* Products */ = {
			isa = PBXGroup;
			children = (
				B20C490627D96C5D00749576 /* Pay360Test.app */,
				B20C491727D96C6100749576 /* Pay360TestTests.xctest */,
				B20C492227D96C6100749576 /* Pay360TestUITests.xctest */,
			);
			name = Products;
			sourceTree = "<group>";
		};
		B20C490827D96C5D00749576 /* Pay360Test */ = {
			isa = PBXGroup;
			children = (
				B20C490927D96C5D00749576 /* Pay360TestApp.swift */,
				B20C490B27D96C5D00749576 /* ContentView.swift */,
				B20C490D27D96C6000749576 /* Assets.xcassets */,
				B20C491227D96C6000749576 /* Info.plist */,
				B20C490F27D96C6000749576 /* Preview Content */,
			);
			path = Pay360Test;
			sourceTree = "<group>";
		};
		B20C490F27D96C6000749576 /* Preview Content */ = {
			isa = PBXGroup;
			children = (
				B20C491027D96C6000749576 /* Preview Assets.xcassets */,
			);
			path = "Preview Content";
			sourceTree = "<group>";
		};
		B20C491A27D96C6100749576 /* Pay360TestTests */ = {
			isa = PBXGroup;
			children = (
				B20C491B27D96C6100749576 /* Pay360TestTests.swift */,
				B20C491D27D96C6100749576 /* Info.plist */,
			);
			path = Pay360TestTests;
			sourceTree = "<group>";
		};
		B20C492527D96C6100749576 /* Pay360TestUITests */ = {
			isa = PBXGroup;
			children = (
				B20C492627D96C6100749576 /* Pay360TestUITests.swift */,
				B20C492827D96C6100749576 /* Info.plist */,
			);
			path = Pay360TestUITests;
			sourceTree = "<group>";
		};
		B20C493727D96E0900749576 /* Frameworks */ = {
			isa = PBXGroup;
			children = (
				B20C493827D96E1900749576 /* Pay360.framework */,
			);
			path = Frameworks;
			sourceTree = "<group>";
		};
/* End PBXGroup section */

/* Begin PBXNativeTarget section */
		B20C490527D96C5D00749576 /* Pay360Test */ = {
			isa = PBXNativeTarget;
			buildConfigurationList = B20C492B27D96C6100749576 /* Build configuration list for PBXNativeTarget "Pay360Test" */;
			buildPhases = (
				B20C490227D96C5D00749576 /* Sources */,
				B20C490327D96C5D00749576 /* Frameworks */,
				B20C490427D96C5D00749576 /* Resources */,
				B20C493F27D96E2500749576 /* Embed Frameworks */,
			);
			buildRules = (
			);
			dependencies = (
			);
			name = Pay360Test;
			productName = Pay360Test;
			productReference = B20C490627D96C5D00749576 /* Pay360Test.app */;
			productType = "com.apple.product-type.application";
		};
		B20C491627D96C6100749576 /* Pay360TestTests */ = {
			isa = PBXNativeTarget;
			buildConfigurationList = B20C492E27D96C6100749576 /* Build configuration list for PBXNativeTarget "Pay360TestTests" */;
			buildPhases = (
				B20C491327D96C6100749576 /* Sources */,
				B20C491427D96C6100749576 /* Frameworks */,
				B20C491527D96C6100749576 /* Resources */,
			);
			buildRules = (
			);
			dependencies = (
				B20C491927D96C6100749576 /* PBXTargetDependency */,
			);
			name = Pay360TestTests;
			productName = Pay360TestTests;
			productReference = B20C491727D96C6100749576 /* Pay360TestTests.xctest */;
			productType = "com.apple.product-type.bundle.unit-test";
		};
		B20C492127D96C6100749576 /* Pay360TestUITests */ = {
			isa = PBXNativeTarget;
			buildConfigurationList = B20C493127D96C6100749576 /* Build configuration list for PBXNativeTarget "Pay360TestUITests" */;
			buildPhases = (
				B20C491E27D96C6100749576 /* Sources */,
				B20C491F27D96C6100749576 /* Frameworks */,
				B20C492027D96C6100749576 /* Resources */,
			);
			buildRules = (
			);
			dependencies = (
				B20C492427D96C6100749576 /* PBXTargetDependency */,
			);
			name = Pay360TestUITests;
			productName = Pay360TestUITests;
			productReference = B20C492227D96C6100749576 /* Pay360TestUITests.xctest */;
			productType = "com.apple.product-type.bundle.ui-testing";
		};
/* End PBXNativeTarget section */

/* Begin PBXProject section */
		B20C48FE27D96C5D00749576 /* Project object */ = {
			isa = PBXProject;
			attributes = {
				LastSwiftUpdateCheck = 1220;
				LastUpgradeCheck = 1220;
				TargetAttributes = {
					B20C490527D96C5D00749576 = {
						CreatedOnToolsVersion = 12.2;
					};
					B20C491627D96C6100749576 = {
						CreatedOnToolsVersion = 12.2;
						TestTargetID = B20C490527D96C5D00749576;
					};
					B20C492127D96C6100749576 = {
						CreatedOnToolsVersion = 12.2;
						TestTargetID = B20C490527D96C5D00749576;
					};
				};
			};
			buildConfigurationList = B20C490127D96C5D00749576 /* Build configuration list for PBXProject "Pay360Test" */;
			compatibilityVersion = "Xcode 9.3";
			developmentRegion = en;
			hasScannedForEncodings = 0;
			knownRegions = (
				en,
				Base,
			);
			mainGroup = B20C48FD27D96C5D00749576;
			productRefGroup = B20C490727D96C5D00749576 /* Products */;
			projectDirPath = "";
			projectRoot = "";
			targets = (
				B20C490527D96C5D00749576 /* Pay360Test */,
				B20C491627D96C6100749576 /* Pay360TestTests */,
				B20C492127D96C6100749576 /* Pay360TestUITests */,
			);
		};
/* End PBXProject section */

/* Begin PBXResourcesBuildPhase section */
		B20C490427D96C5D00749576 /* Resources */ = {
			isa = PBXResourcesBuildPhase;
			buildActionMask = 2147483647;
			files = (
				B20C491127D96C6000749576 /* Preview Assets.xcassets in Resources */,
				B20C490E27D96C6000749576 /* Assets.xcassets in Resources */,
			);
			runOnlyForDeploymentPostprocessing = 0;
		};
		B20C491527D96C6100749576 /* Resources */ = {
			isa = PBXResourcesBuildPhase;
			buildActionMask = 2147483647;
			files = (
			);
			runOnlyForDeploymentPostprocessing = 0;
		};
		B20C492027D96C6100749576 /* Resources */ = {
			isa = PBXResourcesBuildPhase;
			buildActionMask = 2147483647;
			files = (
			);
			runOnlyForDeploymentPostprocessing = 0;
		};
/* End PBXResourcesBuildPhase section */

/* Begin PBXSourcesBuildPhase section */
		B20C490227D96C5D00749576 /* Sources */ = {
			isa = PBXSourcesBuildPhase;
			buildActionMask = 2147483647;
			files = (
				B20C490C27D96C5D00749576 /* ContentView.swift in Sources */,
				B20C490A27D96C5D00749576 /* Pay360TestApp.swift in Sources */,
			);
			runOnlyForDeploymentPostprocessing = 0;
		};
		B20C491327D96C6100749576 /* Sources */ = {
			isa = PBXSourcesBuildPhase;
			buildActionMask = 2147483647;
			files = (
				B20C491C27D96C6100749576 /* Pay360TestTests.swift in Sources */,
			);
			runOnlyForDeploymentPostprocessing = 0;
		};
		B20C491E27D96C6100749576 /* Sources */ = {
			isa = PBXSourcesBuildPhase;
			buildActionMask = 2147483647;
			files = (
				B20C492727D96C6100749576 /* Pay360TestUITests.swift in Sources */,
			);
			runOnlyForDeploymentPostprocessing = 0;
		};
/* End PBXSourcesBuildPhase section */

/* Begin PBXTargetDependency section */
		B20C491927D96C6100749576 /* PBXTargetDependency */ = {
			isa = PBXTargetDependency;
			target = B20C490527D96C5D00749576 /* Pay360Test */;
			targetProxy = B20C491827D96C6100749576 /* PBXContainerItemProxy */;
		};
		B20C492427D96C6100749576 /* PBXTargetDependency */ = {
			isa = PBXTargetDependency;
			target = B20C490527D96C5D00749576 /* Pay360Test */;
			targetProxy = B20C492327D96C6100749576 /* PBXContainerItemProxy */;
		};
/* End PBXTargetDependency section */

/* Begin XCBuildConfiguration section */
		B20C492927D96C6100749576 /* Debug */ = {
			isa = XCBuildConfiguration;
			buildSettings = {
				ALWAYS_SEARCH_USER_PATHS = NO;
				CLANG_ANALYZER_NONNULL = YES;
				CLANG_ANALYZER_NUMBER_OBJECT_CONVERSION = YES_AGGRESSIVE;
				CLANG_CXX_LANGUAGE_STANDARD = "gnu++14";
				CLANG_CXX_LIBRARY = "libc++";
				CLANG_ENABLE_MODULES = YES;
				CLANG_ENABLE_OBJC_ARC = YES;
				CLANG_ENABLE_OBJC_WEAK = YES;
				CLANG_WARN_BLOCK_CAPTURE_AUTORELEASING = YES;
				CLANG_WARN_BOOL_CONVERSION = YES;
				CLANG_WARN_COMMA = YES;
				CLANG_WARN_CONSTANT_CONVERSION = YES;
				CLANG_WARN_DEPRECATED_OBJC_IMPLEMENTATIONS = YES;
				CLANG_WARN_DIRECT_OBJC_ISA_USAGE = YES_ERROR;
				CLANG_WARN_DOCUMENTATION_COMMENTS = YES;
				CLANG_WARN_EMPTY_BODY = YES;
				CLANG_WARN_ENUM_CONVERSION = YES;
				CLANG_WARN_INFINITE_RECURSION = YES;
				CLANG_WARN_INT_CONVERSION = YES;
				CLANG_WARN_NON_LITERAL_NULL_CONVERSION = YES;
				CLANG_WARN_OBJC_IMPLICIT_RETAIN_SELF = YES;
				CLANG_WARN_OBJC_LITERAL_CONVERSION = YES;
				CLANG_WARN_OBJC_ROOT_CLASS = YES_ERROR;
				CLANG_WARN_QUOTED_INCLUDE_IN_FRAMEWORK_HEADER = YES;
				CLANG_WARN_RANGE_LOOP_ANALYSIS = YES;
				CLANG_WARN_STRICT_PROTOTYPES = YES;
				CLANG_WARN_SUSPICIOUS_MOVE = YES;
				CLANG_WARN_UNGUARDED_AVAILABILITY = YES_AGGRESSIVE;
				CLANG_WARN_UNREACHABLE_CODE = YES;
				CLANG_WARN__DUPLICATE_METHOD_MATCH = YES;
				COPY_PHASE_STRIP = NO;
				DEBUG_INFORMATION_FORMAT = dwarf;
				ENABLE_STRICT_OBJC_MSGSEND = YES;
				ENABLE_TESTABILITY = YES;
				GCC_C_LANGUAGE_STANDARD = gnu11;
				GCC_DYNAMIC_NO_PIC = NO;
				GCC_NO_COMMON_BLOCKS = YES;
				GCC_OPTIMIZATION_LEVEL = 0;
				GCC_PREPROCESSOR_DEFINITIONS = (
					"DEBUG=1",
					"$(inherited)",
				);
				GCC_WARN_64_TO_32_BIT_CONVERSION = YES;
				GCC_WARN_ABOUT_RETURN_TYPE = YES_ERROR;
				GCC_WARN_UNDECLARED_SELECTOR = YES;
				GCC_WARN_UNINITIALIZED_AUTOS = YES_AGGRESSIVE;
				GCC_WARN_UNUSED_FUNCTION = YES;
				GCC_WARN_UNUSED_VARIABLE = YES;
				IPHONEOS_DEPLOYMENT_TARGET = 14.2;
				MTL_ENABLE_DEBUG_INFO = INCLUDE_SOURCE;
				MTL_FAST_MATH = YES;
				ONLY_ACTIVE_ARCH = YES;
				SDKROOT = iphoneos;
				SWIFT_ACTIVE_COMPILATION_CONDITIONS = DEBUG;
				SWIFT_OPTIMIZATION_LEVEL = "-Onone";
			};
			name = Debug;
		};
		B20C492A27D96C6100749576 /* Release */ = {
			isa = XCBuildConfiguration;
			buildSettings = {
				ALWAYS_SEARCH_USER_PATHS = NO;
				CLANG_ANALYZER_NONNULL = YES;
				CLANG_ANALYZER_NUMBER_OBJECT_CONVERSION = YES_AGGRESSIVE;
				CLANG_CXX_LANGUAGE_STANDARD = "gnu++14";
				CLANG_CXX_LIBRARY = "libc++";
				CLANG_ENABLE_MODULES = YES;
				CLANG_ENABLE_OBJC_ARC = YES;
				CLANG_ENABLE_OBJC_WEAK = YES;
				CLANG_WARN_BLOCK_CAPTURE_AUTORELEASING = YES;
				CLANG_WARN_BOOL_CONVERSION = YES;
				CLANG_WARN_COMMA = YES;
				CLANG_WARN_CONSTANT_CONVERSION = YES;
				CLANG_WARN_DEPRECATED_OBJC_IMPLEMENTATIONS = YES;
				CLANG_WARN_DIRECT_OBJC_ISA_USAGE = YES_ERROR;
				CLANG_WARN_DOCUMENTATION_COMMENTS = YES;
				CLANG_WARN_EMPTY_BODY = YES;
				CLANG_WARN_ENUM_CONVERSION = YES;
				CLANG_WARN_INFINITE_RECURSION = YES;
				CLANG_WARN_INT_CONVERSION = YES;
				CLANG_WARN_NON_LITERAL_NULL_CONVERSION = YES;
				CLANG_WARN_OBJC_IMPLICIT_RETAIN_SELF = YES;
				CLANG_WARN_OBJC_LITERAL_CONVERSION = YES;
				CLANG_WARN_OBJC_ROOT_CLASS = YES_ERROR;
				CLANG_WARN_QUOTED_INCLUDE_IN_FRAMEWORK_HEADER = YES;
				CLANG_WARN_RANGE_LOOP_ANALYSIS = YES;
				CLANG_WARN_STRICT_PROTOTYPES = YES;
				CLANG_WARN_SUSPICIOUS_MOVE = YES;
				CLANG_WARN_UNGUARDED_AVAILABILITY = YES_AGGRESSIVE;
				CLANG_WARN_UNREACHABLE_CODE = YES;
				CLANG_WARN__DUPLICATE_METHOD_MATCH = YES;
				COPY_PHASE_STRIP = NO;
				DEBUG_INFORMATION_FORMAT = "dwarf-with-dsym";
				ENABLE_NS_ASSERTIONS = NO;
				ENABLE_STRICT_OBJC_MSGSEND = YES;
				GCC_C_LANGUAGE_STANDARD = gnu11;
				GCC_NO_COMMON_BLOCKS = YES;
				GCC_WARN_64_TO_32_BIT_CONVERSION = YES;
				GCC_WARN_ABOUT_RETURN_TYPE = YES_ERROR;
				GCC_WARN_UNDECLARED_SELECTOR = YES;
				GCC_WARN_UNINITIALIZED_AUTOS = YES_AGGRESSIVE;
				GCC_WARN_UNUSED_FUNCTION = YES;
				GCC_WARN_UNUSED_VARIABLE = YES;
				IPHONEOS_DEPLOYMENT_TARGET = 14.2;
				MTL_ENABLE_DEBUG_INFO = NO;
				MTL_FAST_MATH = YES;
				SDKROOT = iphoneos;
				SWIFT_COMPILATION_MODE = wholemodule;
				SWIFT_OPTIMIZATION_LEVEL = "-O";
				VALIDATE_PRODUCT = YES;
			};
			name = Release;
		};
		B20C492C27D96C6100749576 /* Debug */ = {
			isa = XCBuildConfiguration;
			buildSettings = {
				ASSETCATALOG_COMPILER_APPICON_NAME = AppIcon;
				ASSETCATALOG_COMPILER_GLOBAL_ACCENT_COLOR_NAME = AccentColor;
				CODE_SIGN_STYLE = Automatic;
				DEVELOPMENT_ASSET_PATHS = "\"Pay360Test/Preview Content\"";
				DEVELOPMENT_TEAM = 8645J3BA7H;
				ENABLE_PREVIEWS = YES;
				FRAMEWORK_SEARCH_PATHS = (
					"$(inherited)",
					"$(PROJECT_DIR)/Pay360Test",
				);
				INFOPLIST_FILE = Pay360Test/Info.plist;
				IPHONEOS_DEPLOYMENT_TARGET = 14.0;
				LD_RUNPATH_SEARCH_PATHS = (
					"$(inherited)",
					"@executable_path/Frameworks",
				);
				PRODUCT_BUNDLE_IDENTIFIER = co.wolnik.Pay360Test;
				PRODUCT_NAME = "$(TARGET_NAME)";
				SWIFT_VERSION = 5.0;
				TARGETED_DEVICE_FAMILY = "1,2";
			};
			name = Debug;
		};
		B20C492D27D96C6100749576 /* Release */ = {
			isa = XCBuildConfiguration;
			buildSettings = {
				ASSETCATALOG_COMPILER_APPICON_NAME = AppIcon;
				ASSETCATALOG_COMPILER_GLOBAL_ACCENT_COLOR_NAME = AccentColor;
				CODE_SIGN_STYLE = Automatic;
				DEVELOPMENT_ASSET_PATHS = "\"Pay360Test/Preview Content\"";
				DEVELOPMENT_TEAM = 8645J3BA7H;
				ENABLE_PREVIEWS = YES;
				FRAMEWORK_SEARCH_PATHS = (
					"$(inherited)",
					"$(PROJECT_DIR)/Pay360Test",
				);
				INFOPLIST_FILE = Pay360Test/Info.plist;
				IPHONEOS_DEPLOYMENT_TARGET = 14.0;
				LD_RUNPATH_SEARCH_PATHS = (
					"$(inherited)",
					"@executable_path/Frameworks",
				);
				PRODUCT_BUNDLE_IDENTIFIER = co.wolnik.Pay360Test;
				PRODUCT_NAME = "$(TARGET_NAME)";
				SWIFT_VERSION = 5.0;
				TARGETED_DEVICE_FAMILY = "1,2";
			};
			name = Release;
		};
		B20C492F27D96C6100749576 /* Debug */ = {
			isa = XCBuildConfiguration;
			buildSettings = {
				ALWAYS_EMBED_SWIFT_STANDARD_LIBRARIES = YES;
				BUNDLE_LOADER = "$(TEST_HOST)";
				CODE_SIGN_STYLE = Automatic;
				INFOPLIST_FILE = Pay360TestTests/Info.plist;
				IPHONEOS_DEPLOYMENT_TARGET = 14.0;
				LD_RUNPATH_SEARCH_PATHS = (
					"$(inherited)",
					"@executable_path/Frameworks",
					"@loader_path/Frameworks",
				);
				PRODUCT_BUNDLE_IDENTIFIER = co.wolnik.Pay360TestTests;
				PRODUCT_NAME = "$(TARGET_NAME)";
				SWIFT_VERSION = 5.0;
				TARGETED_DEVICE_FAMILY = "1,2";
				TEST_HOST = "$(BUILT_PRODUCTS_DIR)/Pay360Test.app/Pay360Test";
			};
			name = Debug;
		};
		B20C493027D96C6100749576 /* Release */ = {
			isa = XCBuildConfiguration;
			buildSettings = {
				ALWAYS_EMBED_SWIFT_STANDARD_LIBRARIES = YES;
				BUNDLE_LOADER = "$(TEST_HOST)";
				CODE_SIGN_STYLE = Automatic;
				INFOPLIST_FILE = Pay360TestTests/Info.plist;
				IPHONEOS_DEPLOYMENT_TARGET = 14.0;
				LD_RUNPATH_SEARCH_PATHS = (
					"$(inherited)",
					"@executable_path/Frameworks",
					"@loader_path/Frameworks",
				);
				PRODUCT_BUNDLE_IDENTIFIER = co.wolnik.Pay360TestTests;
				PRODUCT_NAME = "$(TARGET_NAME)";
				SWIFT_VERSION = 5.0;
				TARGETED_DEVICE_FAMILY = "1,2";
				TEST_HOST = "$(BUILT_PRODUCTS_DIR)/Pay360Test.app/Pay360Test";
			};
			name = Release;
		};
		B20C493227D96C6100749576 /* Debug */ = {
			isa = XCBuildConfiguration;
			buildSettings = {
				ALWAYS_EMBED_SWIFT_STANDARD_LIBRARIES = YES;
				CODE_SIGN_STYLE = Automatic;
				INFOPLIST_FILE = Pay360TestUITests/Info.plist;
				LD_RUNPATH_SEARCH_PATHS = (
					"$(inherited)",
					"@executable_path/Frameworks",
					"@loader_path/Frameworks",
				);
				PRODUCT_BUNDLE_IDENTIFIER = co.wolnik.Pay360TestUITests;
				PRODUCT_NAME = "$(TARGET_NAME)";
				SWIFT_VERSION = 5.0;
				TARGETED_DEVICE_FAMILY = "1,2";
				TEST_TARGET_NAME = Pay360Test;
			};
			name = Debug;
		};
		B20C493327D96C6100749576 /* Release */ = {
			isa = XCBuildConfiguration;
			buildSettings = {
				ALWAYS_EMBED_SWIFT_STANDARD_LIBRARIES = YES;
				CODE_SIGN_STYLE = Automatic;
				INFOPLIST_FILE = Pay360TestUITests/Info.plist;
				LD_RUNPATH_SEARCH_PATHS = (
					"$(inherited)",
					"@executable_path/Frameworks",
					"@loader_path/Frameworks",
				);
				PRODUCT_BUNDLE_IDENTIFIER = co.wolnik.Pay360TestUITests;
				PRODUCT_NAME = "$(TARGET_NAME)";
				SWIFT_VERSION = 5.0;
				TARGETED_DEVICE_FAMILY = "1,2";
				TEST_TARGET_NAME = Pay360Test;
			};
			name = Release;
		};
/* End XCBuildConfiguration section */

/* Begin XCConfigurationList section */
		B20C490127D96C5D00749576 /* Build configuration list for PBXProject "Pay360Test" */ = {
			isa = XCConfigurationList;
			buildConfigurations = (
				B20C492927D96C6100749576 /* Debug */,
				B20C492A27D96C6100749576 /* Release */,
			);
			defaultConfigurationIsVisible = 0;
			defaultConfigurationName = Release;
		};
		B20C492B27D96C6100749576 /* Build configuration list for PBXNativeTarget "Pay360Test" */ = {
			isa = XCConfigurationList;
			buildConfigurations = (
				B20C492C27D96C6100749576 /* Debug */,
				B20C492D27D96C6100749576 /* Release */,
			);
			defaultConfigurationIsVisible = 0;
			defaultConfigurationName = Release;
		};
		B20C492E27D96C6100749576 /* Build configuration list for PBXNativeTarget "Pay360TestTests" */ = {
			isa = XCConfigurationList;
			buildConfigurations = (
				B20C492F27D96C6100749576 /* Debug */,
				B20C493027D96C6100749576 /* Release */,
			);
			defaultConfigurationIsVisible = 0;
			defaultConfigurationName = Release;
		};
		B20C493127D96C6100749576 /* Build configuration list for PBXNativeTarget "Pay360TestUITests" */ = {
			isa = XCConfigurationList;
			buildConfigurations = (
				B20C493227D96C6100749576 /* Debug */,
				B20C493327D96C6100749576 /* Release */,
			);
			defaultConfigurationIsVisible = 0;
			defaultConfigurationName = Release;
		};
/* End XCConfigurationList section */
	};
	rootObject = B20C48FE27D96C5D00749576 /* Project object */;
}
